// !$*UTF8*$!
{
	archiveVersion = 1;
	classes = {
	};
	objectVersion = 46;
	objects = {

/* Begin PBXBuildFile section */
		D8174C851B2B220700608237 /* AppDelegate.swift in Sources */ = {isa = PBXBuildFile; fileRef = D8174C841B2B220700608237 /* AppDelegate.swift */; };
		D8174C871B2B220700608237 /* ViewController.swift in Sources */ = {isa = PBXBuildFile; fileRef = D8174C861B2B220700608237 /* ViewController.swift */; };
		D8174C8C1B2B220800608237 /* Images.xcassets in Resources */ = {isa = PBXBuildFile; fileRef = D8174C8B1B2B220800608237 /* Images.xcassets */; };
		D8174C8F1B2B220800608237 /* LaunchScreen.xib in Resources */ = {isa = PBXBuildFile; fileRef = D8174C8D1B2B220800608237 /* LaunchScreen.xib */; };
		D8174C9B1B2B220800608237 /* MBiCarouselSwiftTests.swift in Sources */ = {isa = PBXBuildFile; fileRef = D8174C9A1B2B220800608237 /* MBiCarouselSwiftTests.swift */; };
		D8174CA51B2B226B00608237 /* Main.storyboard in Resources */ = {isa = PBXBuildFile; fileRef = D8174CA41B2B226B00608237 /* Main.storyboard */; };
		D8174CAB1B2B22CB00608237 /* iCarousel.m in Sources */ = {isa = PBXBuildFile; fileRef = D8174CA81B2B22CB00608237 /* iCarousel.m */; };
		D8174CAC1B2B22CB00608237 /* ReflectionView.m in Sources */ = {isa = PBXBuildFile; fileRef = D8174CAA1B2B22CB00608237 /* ReflectionView.m */; };
/* End PBXBuildFile section */

/* Begin PBXContainerItemProxy section */
		D8174C951B2B220800608237 /* PBXContainerItemProxy */ = {
			isa = PBXContainerItemProxy;
			containerPortal = D8174C771B2B220700608237 /* Project object */;
			proxyType = 1;
			remoteGlobalIDString = D8174C7E1B2B220700608237;
			remoteInfo = MBiCarouselSwift;
		};
/* End PBXContainerItemProxy section */

/* Begin PBXFileReference section */
		D8174C7F1B2B220700608237 /* MBiCarouselSwift.app */ = {isa = PBXFileReference; explicitFileType = wrapper.application; includeInIndex = 0; path = MBiCarouselSwift.app; sourceTree = BUILT_PRODUCTS_DIR; };
		D8174C831B2B220700608237 /* Info.plist */ = {isa = PBXFileReference; lastKnownFileType = text.plist.xml; path = Info.plist; sourceTree = "<group>"; };
		D8174C841B2B220700608237 /* AppDelegate.swift */ = {isa = PBXFileReference; lastKnownFileType = sourcecode.swift; path = AppDelegate.swift; sourceTree = "<group>"; };
		D8174C861B2B220700608237 /* ViewController.swift */ = {isa = PBXFileReference; lastKnownFileType = sourcecode.swift; path = ViewController.swift; sourceTree = "<group>"; };
		D8174C8B1B2B220800608237 /* Images.xcassets */ = {isa = PBXFileReference; lastKnownFileType = folder.assetcatalog; path = Images.xcassets; sourceTree = "<group>"; };
		D8174C8E1B2B220800608237 /* Base */ = {isa = PBXFileReference; lastKnownFileType = file.xib; name = Base; path = Base.lproj/LaunchScreen.xib; sourceTree = "<group>"; };
		D8174C941B2B220800608237 /* MBiCarouselSwiftTests.xctest */ = {isa = PBXFileReference; explicitFileType = wrapper.cfbundle; includeInIndex = 0; path = MBiCarouselSwiftTests.xctest; sourceTree = BUILT_PRODUCTS_DIR; };
		D8174C991B2B220800608237 /* Info.plist */ = {isa = PBXFileReference; lastKnownFileType = text.plist.xml; path = Info.plist; sourceTree = "<group>"; };
		D8174C9A1B2B220800608237 /* MBiCarouselSwiftTests.swift */ = {isa = PBXFileReference; lastKnownFileType = sourcecode.swift; path = MBiCarouselSwiftTests.swift; sourceTree = "<group>"; };
		D8174CA41B2B226B00608237 /* Main.storyboard */ = {isa = PBXFileReference; fileEncoding = 4; lastKnownFileType = file.storyboard; path = Main.storyboard; sourceTree = "<group>"; };
		D8174CA61B2B22CA00608237 /* MBiCarouselSwift-Bridging-Header.h */ = {isa = PBXFileReference; lastKnownFileType = sourcecode.c.h; path = "MBiCarouselSwift-Bridging-Header.h"; sourceTree = "<group>"; };
		D8174CA71B2B22CB00608237 /* iCarousel.h */ = {isa = PBXFileReference; fileEncoding = 4; lastKnownFileType = sourcecode.c.h; path = iCarousel.h; sourceTree = "<group>"; };
		D8174CA81B2B22CB00608237 /* iCarousel.m */ = {isa = PBXFileReference; fileEncoding = 4; lastKnownFileType = sourcecode.c.objc; path = iCarousel.m; sourceTree = "<group>"; };
		D8174CA91B2B22CB00608237 /* ReflectionView.h */ = {isa = PBXFileReference; fileEncoding = 4; lastKnownFileType = sourcecode.c.h; path = ReflectionView.h; sourceTree = "<group>"; };
		D8174CAA1B2B22CB00608237 /* ReflectionView.m */ = {isa = PBXFileReference; fileEncoding = 4; lastKnownFileType = sourcecode.c.objc; path = ReflectionView.m; sourceTree = "<group>"; };
/* End PBXFileReference section */

/* Begin PBXFrameworksBuildPhase section */
		D8174C7C1B2B220700608237 /* Frameworks */ = {
			isa = PBXFrameworksBuildPhase;
			buildActionMask = 2147483647;
			files = (
			);
			runOnlyForDeploymentPostprocessing = 0;
		};
		D8174C911B2B220800608237 /* Frameworks */ = {
			isa = PBXFrameworksBuildPhase;
			buildActionMask = 2147483647;
			files = (
			);
			runOnlyForDeploymentPostprocessing = 0;
		};
/* End PBXFrameworksBuildPhase section */

/* Begin PBXGroup section */
		D8174C761B2B220700608237 = {
			isa = PBXGroup;
			children = (
				D8174C811B2B220700608237 /* MBiCarouselSwift */,
				D8174C971B2B220800608237 /* MBiCarouselSwiftTests */,
				D8174C801B2B220700608237 /* Products */,
			);
			sourceTree = "<group>";
		};
		D8174C801B2B220700608237 /* Products */ = {
			isa = PBXGroup;
			children = (
				D8174C7F1B2B220700608237 /* MBiCarouselSwift.app */,
				D8174C941B2B220800608237 /* MBiCarouselSwiftTests.xctest */,
			);
			name = Products;
			sourceTree = "<group>";
		};
		D8174C811B2B220700608237 /* MBiCarouselSwift */ = {
			isa = PBXGroup;
			children = (
				D8174CAD1B2B22DF00608237 /* iCarousel */,
				D8174C841B2B220700608237 /* AppDelegate.swift */,
				D8174C861B2B220700608237 /* ViewController.swift */,
				D8174CA41B2B226B00608237 /* Main.storyboard */,
				D8174C8B1B2B220800608237 /* Images.xcassets */,
				D8174C8D1B2B220800608237 /* LaunchScreen.xib */,
				D8174C821B2B220700608237 /* Supporting Files */,
				D8174CA61B2B22CA00608237 /* MBiCarouselSwift-Bridging-Header.h */,
			);
			path = MBiCarouselSwift;
			sourceTree = "<group>";
		};
		D8174C821B2B220700608237 /* Supporting Files */ = {
			isa = PBXGroup;
			children = (
				D8174C831B2B220700608237 /* Info.plist */,
			);
			name = "Supporting Files";
			sourceTree = "<group>";
		};
		D8174C971B2B220800608237 /* MBiCarouselSwiftTests */ = {
			isa = PBXGroup;
			children = (
				D8174C9A1B2B220800608237 /* MBiCarouselSwiftTests.swift */,
				D8174C981B2B220800608237 /* Supporting Files */,
			);
			path = MBiCarouselSwiftTests;
			sourceTree = "<group>";
		};
		D8174C981B2B220800608237 /* Supporting Files */ = {
			isa = PBXGroup;
			children = (
				D8174C991B2B220800608237 /* Info.plist */,
			);
			name = "Supporting Files";
			sourceTree = "<group>";
		};
		D8174CAD1B2B22DF00608237 /* iCarousel */ = {
			isa = PBXGroup;
			children = (
				D8174CA71B2B22CB00608237 /* iCarousel.h */,
				D8174CA81B2B22CB00608237 /* iCarousel.m */,
				D8174CA91B2B22CB00608237 /* ReflectionView.h */,
				D8174CAA1B2B22CB00608237 /* ReflectionView.m */,
			);
			name = iCarousel;
			sourceTree = "<group>";
		};
/* End PBXGroup section */

/* Begin PBXNativeTarget section */
		D8174C7E1B2B220700608237 /* MBiCarouselSwift */ = {
			isa = PBXNativeTarget;
			buildConfigurationList = D8174C9E1B2B220800608237 /* Build configuration list for PBXNativeTarget "MBiCarouselSwift" */;
			buildPhases = (
				D8174C7B1B2B220700608237 /* Sources */,
				D8174C7C1B2B220700608237 /* Frameworks */,
				D8174C7D1B2B220700608237 /* Resources */,
			);
			buildRules = (
			);
			dependencies = (
			);
			name = MBiCarouselSwift;
			productName = MBiCarouselSwift;
			productReference = D8174C7F1B2B220700608237 /* MBiCarouselSwift.app */;
			productType = "com.apple.product-type.application";
		};
		D8174C931B2B220800608237 /* MBiCarouselSwiftTests */ = {
			isa = PBXNativeTarget;
			buildConfigurationList = D8174CA11B2B220800608237 /* Build configuration list for PBXNativeTarget "MBiCarouselSwiftTests" */;
			buildPhases = (
				D8174C901B2B220800608237 /* Sources */,
				D8174C911B2B220800608237 /* Frameworks */,
				D8174C921B2B220800608237 /* Resources */,
			);
			buildRules = (
			);
			dependencies = (
				D8174C961B2B220800608237 /* PBXTargetDependency */,
			);
			name = MBiCarouselSwiftTests;
			productName = MBiCarouselSwiftTests;
			productReference = D8174C941B2B220800608237 /* MBiCarouselSwiftTests.xctest */;
			productType = "com.apple.product-type.bundle.unit-test";
		};
/* End PBXNativeTarget section */

/* Begin PBXProject section */
		D8174C771B2B220700608237 /* Project object */ = {
			isa = PBXProject;
			attributes = {
				LastUpgradeCheck = 0630;
				ORGANIZATIONNAME = MaxymusBoopathy;
				TargetAttributes = {
					D8174C7E1B2B220700608237 = {
						CreatedOnToolsVersion = 6.3.2;
					};
					D8174C931B2B220800608237 = {
						CreatedOnToolsVersion = 6.3.2;
						TestTargetID = D8174C7E1B2B220700608237;
					};
				};
			};
			buildConfigurationList = D8174C7A1B2B220700608237 /* Build configuration list for PBXProject "MBiCarouselSwift" */;
			compatibilityVersion = "Xcode 3.2";
			developmentRegion = English;
			hasScannedForEncodings = 0;
			knownRegions = (
				en,
				Base,
			);
			mainGroup = D8174C761B2B220700608237;
			productRefGroup = D8174C801B2B220700608237 /* Products */;
			projectDirPath = "";
			projectRoot = "";
			targets = (
				D8174C7E1B2B220700608237 /* MBiCarouselSwift */,
				D8174C931B2B220800608237 /* MBiCarouselSwiftTests */,
			);
		};
/* End PBXProject section */

/* Begin PBXResourcesBuildPhase section */
		D8174C7D1B2B220700608237 /* Resources */ = {
			isa = PBXResourcesBuildPhase;
			buildActionMask = 2147483647;
			files = (
				D8174C8F1B2B220800608237 /* LaunchScreen.xib in Resources */,
				D8174C8C1B2B220800608237 /* Images.xcassets in Resources */,
				D8174CA51B2B226B00608237 /* Main.storyboard in Resources */,
			);
			runOnlyForDeploymentPostprocessing = 0;
		};
		D8174C921B2B220800608237 /* Resources */ = {
			isa = PBXResourcesBuildPhase;
			buildActionMask = 2147483647;
			files = (
			);
			runOnlyForDeploymentPostprocessing = 0;
		};
/* End PBXResourcesBuildPhase section */

/* Begin PBXSourcesBuildPhase section */
		D8174C7B1B2B220700608237 /* Sources */ = {
			isa = PBXSourcesBuildPhase;
			buildActionMask = 2147483647;
			files = (
				D8174CAB1B2B22CB00608237 /* iCarousel.m in Sources */,
				D8174CAC1B2B22CB00608237 /* ReflectionView.m in Sources */,
				D8174C871B2B220700608237 /* ViewController.swift in Sources */,
				D8174C851B2B220700608237 /* AppDelegate.swift in Sources */,
			);
			runOnlyForDeploymentPostprocessing = 0;
		};
		D8174C901B2B220800608237 /* Sources */ = {
			isa = PBXSourcesBuildPhase;
			buildActionMask = 2147483647;
			files = (
				D8174C9B1B2B220800608237 /* MBiCarouselSwiftTests.swift in Sources */,
			);
			runOnlyForDeploymentPostprocessing = 0;
		};
/* End PBXSourcesBuildPhase section */

/* Begin PBXTargetDependency section */
		D8174C961B2B220800608237 /* PBXTargetDependency */ = {
			isa = PBXTargetDependency;
			target = D8174C7E1B2B220700608237 /* MBiCarouselSwift */;
			targetProxy = D8174C951B2B220800608237 /* PBXContainerItemProxy */;
		};
/* End PBXTargetDependency section */

/* Begin PBXVariantGroup section */
		D8174C8D1B2B220800608237 /* LaunchScreen.xib */ = {
			isa = PBXVariantGroup;
			children = (
				D8174C8E1B2B220800608237 /* Base */,
			);
			name = LaunchScreen.xib;
			sourceTree = "<group>";
		};
/* End PBXVariantGroup section */

/* Begin XCBuildConfiguration section */
		D8174C9C1B2B220800608237 /* Debug */ = {
			isa = XCBuildConfiguration;
			buildSettings = {
				ALWAYS_SEARCH_USER_PATHS = NO;
				CLANG_CXX_LANGUAGE_STANDARD = "gnu++0x";
				CLANG_CXX_LIBRARY = "libc++";
				CLANG_ENABLE_MODULES = YES;
				CLANG_ENABLE_OBJC_ARC = YES;
				CLANG_WARN_BOOL_CONVERSION = YES;
				CLANG_WARN_CONSTANT_CONVERSION = YES;
				CLANG_WARN_DIRECT_OBJC_ISA_USAGE = YES_ERROR;
				CLANG_WARN_EMPTY_BODY = YES;
				CLANG_WARN_ENUM_CONVERSION = YES;
				CLANG_WARN_INT_CONVERSION = YES;
				CLANG_WARN_OBJC_ROOT_CLASS = YES_ERROR;
				CLANG_WARN_UNREACHABLE_CODE = YES;
				CLANG_WARN__DUPLICATE_METHOD_MATCH = YES;
				"CODE_SIGN_IDENTITY[sdk=iphoneos*]" = "iPhone Developer";
				COPY_PHASE_STRIP = NO;
				DEBUG_INFORMATION_FORMAT = "dwarf-with-dsym";
				ENABLE_STRICT_OBJC_MSGSEND = YES;
				GCC_C_LANGUAGE_STANDARD = gnu99;
				GCC_DYNAMIC_NO_PIC = NO;
				GCC_NO_COMMON_BLOCKS = YES;
				GCC_OPTIMIZATION_LEVEL = 0;
				GCC_PREPROCESSOR_DEFINITIONS = (
					"DEBUG=1",
					"$(inherited)",
				);
				GCC_SYMBOLS_PRIVATE_EXTERN = NO;
				GCC_WARN_64_TO_32_BIT_CONVERSION = YES;
				GCC_WARN_ABOUT_RETURN_TYPE = YES_ERROR;
				GCC_WARN_UNDECLARED_SELECTOR = YES;
				GCC_WARN_UNINITIALIZED_AUTOS = YES_AGGRESSIVE;
				GCC_WARN_UNUSED_FUNCTION = YES;
				GCC_WARN_UNUSED_VARIABLE = YES;
				IPHONEOS_DEPLOYMENT_TARGET = 8.3;
				MTL_ENABLE_DEBUG_INFO = YES;
				ONLY_ACTIVE_ARCH = YES;
				SDKROOT = iphoneos;
				SWIFT_OPTIMIZATION_LEVEL = "-Onone";
				TARGETED_DEVICE_FAMILY = "1,2";
			};
			name = Debug;
		};
		D8174C9D1B2B220800608237 /* Release */ = {
			isa = XCBuildConfiguration;
			buildSettings = {
				ALWAYS_SEARCH_USER_PATHS = NO;
				CLANG_CXX_LANGUAGE_STANDARD = "gnu++0x";
				CLANG_CXX_LIBRARY = "libc++";
				CLANG_ENABLE_MODULES = YES;
				CLANG_ENABLE_OBJC_ARC = YES;
				CLANG_WARN_BOOL_CONVERSION = YES;
				CLANG_WARN_CONSTANT_CONVERSION = YES;
				CLANG_WARN_DIRECT_OBJC_ISA_USAGE = YES_ERROR;
				CLANG_WARN_EMPTY_BODY = YES;
				CLANG_WARN_ENUM_CONVERSION = YES;
				CLANG_WARN_INT_CONVERSION = YES;
				CLANG_WARN_OBJC_ROOT_CLASS = YES_ERROR;
				CLANG_WARN_UNREACHABLE_CODE = YES;
				CLANG_WARN__DUPLICATE_METHOD_MATCH = YES;
				"CODE_SIGN_IDENTITY[sdk=iphoneos*]" = "iPhone Developer";
				COPY_PHASE_STRIP = NO;
				DEBUG_INFORMATION_FORMAT = "dwarf-with-dsym";
				ENABLE_NS_ASSERTIONS = NO;
				ENABLE_STRICT_OBJC_MSGSEND = YES;
				GCC_C_LANGUAGE_STANDARD = gnu99;
				GCC_NO_COMMON_BLOCKS = YES;
				GCC_WARN_64_TO_32_BIT_CONVERSION = YES;
				GCC_WARN_ABOUT_RETURN_TYPE = YES_ERROR;
				GCC_WARN_UNDECLARED_SELECTOR = YES;
				GCC_WARN_UNINITIALIZED_AUTOS = YES_AGGRESSIVE;
				GCC_WARN_UNUSED_FUNCTION = YES;
				GCC_WARN_UNUSED_VARIABLE = YES;
				IPHONEOS_DEPLOYMENT_TARGET = 8.3;
				MTL_ENABLE_DEBUG_INFO = NO;
				SDKROOT = iphoneos;
				TARGETED_DEVICE_FAMILY = "1,2";
				VALIDATE_PRODUCT = YES;
			};
			name = Release;
		};
		D8174C9F1B2B220800608237 /* Debug */ = {
			isa = XCBuildConfiguration;
			buildSettings = {
				ASSETCATALOG_COMPILER_APPICON_NAME = AppIcon;
				CLANG_ENABLE_MODULES = YES;
				INFOPLIST_FILE = MBiCarouselSwift/Info.plist;
				LD_RUNPATH_SEARCH_PATHS = "$(inherited) @executable_path/Frameworks";
				PRODUCT_NAME = "$(TARGET_NAME)";
				SWIFT_OBJC_BRIDGING_HEADER = "MBiCarouselSwift/MBiCarouselSwift-Bridging-Header.h";
				SWIFT_OPTIMIZATION_LEVEL = "-Onone";
			};
			name = Debug;
		};
		D8174CA01B2B220800608237 /* Release */ = {
			isa = XCBuildConfiguration;
			buildSettings = {
				ASSETCATALOG_COMPILER_APPICON_NAME = AppIcon;
				CLANG_ENABLE_MODULES = YES;
				INFOPLIST_FILE = MBiCarouselSwift/Info.plist;
				LD_RUNPATH_SEARCH_PATHS = "$(inherited) @executable_path/Frameworks";
				PRODUCT_NAME = "$(TARGET_NAME)";
				SWIFT_OBJC_BRIDGING_HEADER = "MBiCarouselSwift/MBiCarouselSwift-Bridging-Header.h";
			};
			name = Release;
		};
		D8174CA21B2B220800608237 /* Debug */ = {
			isa = XCBuildConfiguration;
			buildSettings = {
				BUNDLE_LOADER = "$(TEST_HOST)";
				FRAMEWORK_SEARCH_PATHS = (
					"$(SDKROOT)/Developer/Library/Frameworks",
					"$(inherited)",
				);
				GCC_PREPROCESSOR_DEFINITIONS = (
					"DEBUG=1",
					"$(inherited)",
				);
				INFOPLIST_FILE = MBiCarouselSwiftTests/Info.plist;
				LD_RUNPATH_SEARCH_PATHS = "$(inherited) @executable_path/Frameworks @loader_path/Frameworks";
				PRODUCT_NAME = "$(TARGET_NAME)";
				TEST_HOST = "$(BUILT_PRODUCTS_DIR)/MBiCarouselSwift.app/MBiCarouselSwift";
			};
			name = Debug;
		};
		D8174CA31B2B220800608237 /* Release */ = {
			isa = XCBuildConfiguration;
			buildSettings = {
				BUNDLE_LOADER = "$(TEST_HOST)";
				FRAMEWORK_SEARCH_PATHS = (
					"$(SDKROOT)/Developer/Library/Frameworks",
					"$(inherited)",
				);
				INFOPLIST_FILE = MBiCarouselSwiftTests/Info.plist;
				LD_RUNPATH_SEARCH_PATHS = "$(inherited) @executable_path/Frameworks @loader_path/Frameworks";
				PRODUCT_NAME = "$(TARGET_NAME)";
				TEST_HOST = "$(BUILT_PRODUCTS_DIR)/MBiCarouselSwift.app/MBiCarouselSwift";
			};
			name = Release;
		};
/* End XCBuildConfiguration section */

/* Begin XCConfigurationList section */
		D8174C7A1B2B220700608237 /* Build configuration list for PBXProject "MBiCarouselSwift" */ = {
			isa = XCConfigurationList;
			buildConfigurations = (
				D8174C9C1B2B220800608237 /* Debug */,
				D8174C9D1B2B220800608237 /* Release */,
			);
			defaultConfigurationIsVisible = 0;
			defaultConfigurationName = Release;
		};
		D8174C9E1B2B220800608237 /* Build configuration list for PBXNativeTarget "MBiCarouselSwift" */ = {
			isa = XCConfigurationList;
			buildConfigurations = (
				D8174C9F1B2B220800608237 /* Debug */,
				D8174CA01B2B220800608237 /* Release */,
			);
			defaultConfigurationIsVisible = 0;
		};
		D8174CA11B2B220800608237 /* Build configuration list for PBXNativeTarget "MBiCarouselSwiftTests" */ = {
			isa = XCConfigurationList;
			buildConfigurations = (
				D8174CA21B2B220800608237 /* Debug */,
				D8174CA31B2B220800608237 /* Release */,
			);
			defaultConfigurationIsVisible = 0;
		};
/* End XCConfigurationList section */
	};
	rootObject = D8174C771B2B220700608237 /* Project object */;
}
